
Microsoft Visual Studio Solution File, Format Version 12.00
# Visual Studio 15
VisualStudioVersion = 15.0.27428.1
MinimumVisualStudioVersion = 10.0.40219.1
Project("{FAE04EC0-301F-11D3-BF4B-00C04F79EFBC}") = "CompositeDP", "CompositeDP\CompositeDP.csproj", "{E2A64942-BC8D-470A-9B3B-EB458E68E0DB}"
EndProject
Global
	GlobalSection(SolutionConfigurationPlatforms) = preSolution
		Debug|Any CPU = Debug|Any CPU
		Release|Any CPU = Release|Any CPU
	EndGlobalSection
	GlobalSection(ProjectConfigurationPlatforms) = postSolution
		{E2A64942-BC8D-470A-9B3B-EB458E68E0DB}.Debug|Any CPU.ActiveCfg = Debug|Any CPU
		{E2A64942-BC8D-470A-9B3B-EB458E68E0DB}.Debug|Any CPU.Build.0 = Debug|Any CPU
		{E2A64942-BC8D-470A-9B3B-EB458E68E0DB}.Release|Any CPU.ActiveCfg = Release|Any CPU
		{E2A64942-BC8D-470A-9B3B-EB458E68E0DB}.Release|Any CPU.Build.0 = Release|Any CPU
	EndGlobalSection
	GlobalSection(SolutionProperties) = preSolution
		HideSolutionNode = FALSE
	EndGlobalSection
	GlobalSection(ExtensibilityGlobals) = postSolution
		SolutionGuid = {34BD48D7-1A4A-4500-A08F-98A7CFB169F7}
	EndGlobalSection
EndGlobal
